
Microsoft Visual Studio Solution File, Format Version 12.00
# Visual Studio 2012
Project("{D954291E-2A0B-460D-934E-DC6B0785DB48}") = "Airbot", "Airbot\Airbot.shproj", "{101D6B1A-6A85-4EA5-9285-D661B97E4D9C}"
EndProject
Project("{FAE04EC0-301F-11D3-BF4B-00C04F79EFBC}") = "Airbot.iOS", "iOS\Airbot.iOS.csproj", "{73A9A19D-2636-4768-9903-6ACB89CE5CD4}"
EndProject
Project("{FAE04EC0-301F-11D3-BF4B-00C04F79EFBC}") = "Airbot.Droid", "Droid\Airbot.Droid.csproj", "{A95B4E79-03C0-4B2D-9E3C-E976FFB9349C}"
EndProject
Global
	GlobalSection(SolutionConfigurationPlatforms) = preSolution
		Debug|iPhoneSimulator = Debug|iPhoneSimulator
		Release|iPhone = Release|iPhone
		Release|iPhoneSimulator = Release|iPhoneSimulator
		Debug|iPhone = Debug|iPhone
		Debug|Any CPU = Debug|Any CPU
		Release|Any CPU = Release|Any CPU
	EndGlobalSection
	GlobalSection(ProjectConfigurationPlatforms) = postSolution
		{73A9A19D-2636-4768-9903-6ACB89CE5CD4}.Debug|iPhoneSimulator.ActiveCfg = Debug|iPhoneSimulator
		{73A9A19D-2636-4768-9903-6ACB89CE5CD4}.Debug|iPhoneSimulator.Build.0 = Debug|iPhoneSimulator
		{73A9A19D-2636-4768-9903-6ACB89CE5CD4}.Release|iPhone.ActiveCfg = Release|iPhone
		{73A9A19D-2636-4768-9903-6ACB89CE5CD4}.Release|iPhone.Build.0 = Release|iPhone
		{73A9A19D-2636-4768-9903-6ACB89CE5CD4}.Release|iPhoneSimulator.ActiveCfg = Release|iPhoneSimulator
		{73A9A19D-2636-4768-9903-6ACB89CE5CD4}.Release|iPhoneSimulator.Build.0 = Release|iPhoneSimulator
		{73A9A19D-2636-4768-9903-6ACB89CE5CD4}.Debug|iPhone.ActiveCfg = Debug|iPhone
		{73A9A19D-2636-4768-9903-6ACB89CE5CD4}.Debug|iPhone.Build.0 = Debug|iPhone
		{73A9A19D-2636-4768-9903-6ACB89CE5CD4}.Debug|Any CPU.ActiveCfg = Debug|iPhoneSimulator
		{73A9A19D-2636-4768-9903-6ACB89CE5CD4}.Debug|Any CPU.Build.0 = Debug|iPhoneSimulator
		{73A9A19D-2636-4768-9903-6ACB89CE5CD4}.Release|Any CPU.ActiveCfg = Release|iPhone
		{73A9A19D-2636-4768-9903-6ACB89CE5CD4}.Release|Any CPU.Build.0 = Release|iPhone
		{A95B4E79-03C0-4B2D-9E3C-E976FFB9349C}.Debug|iPhoneSimulator.ActiveCfg = Debug|Any CPU
		{A95B4E79-03C0-4B2D-9E3C-E976FFB9349C}.Debug|iPhoneSimulator.Build.0 = Debug|Any CPU
		{A95B4E79-03C0-4B2D-9E3C-E976FFB9349C}.Release|iPhone.ActiveCfg = Release|Any CPU
		{A95B4E79-03C0-4B2D-9E3C-E976FFB9349C}.Release|iPhone.Build.0 = Release|Any CPU
		{A95B4E79-03C0-4B2D-9E3C-E976FFB9349C}.Release|iPhoneSimulator.ActiveCfg = Release|Any CPU
		{A95B4E79-03C0-4B2D-9E3C-E976FFB9349C}.Release|iPhoneSimulator.Build.0 = Release|Any CPU
		{A95B4E79-03C0-4B2D-9E3C-E976FFB9349C}.Debug|iPhone.ActiveCfg = Debug|Any CPU
		{A95B4E79-03C0-4B2D-9E3C-E976FFB9349C}.Debug|iPhone.Build.0 = Debug|Any CPU
		{A95B4E79-03C0-4B2D-9E3C-E976FFB9349C}.Debug|Any CPU.ActiveCfg = Debug|Any CPU
		{A95B4E79-03C0-4B2D-9E3C-E976FFB9349C}.Debug|Any CPU.Build.0 = Debug|Any CPU
		{A95B4E79-03C0-4B2D-9E3C-E976FFB9349C}.Release|Any CPU.ActiveCfg = Release|Any CPU
		{A95B4E79-03C0-4B2D-9E3C-E976FFB9349C}.Release|Any CPU.Build.0 = Release|Any CPU
	EndGlobalSection
EndGlobal
